
Microsoft Visual Studio Solution File, Format Version 12.00
# Visual Studio Version 17
VisualStudioVersion = 17.14.36414.22 d17.14
MinimumVisualStudioVersion = 10.0.40219.1
Project("{FAE04EC0-301F-11D3-BF4B-00C04F79EFBC}") = "04_Inheritance", "04_Inheritance.csproj", "{308516CF-8FEC-49E4-B87D-AB2C54632FA1}"
EndProject
Global
	GlobalSection(SolutionConfigurationPlatforms) = preSolution
		Debug|Any CPU = Debug|Any CPU
		Release|Any CPU = Release|Any CPU
	EndGlobalSection
	GlobalSection(ProjectConfigurationPlatforms) = postSolution
		{308516CF-8FEC-49E4-B87D-AB2C54632FA1}.Debug|Any CPU.ActiveCfg = Debug|Any CPU
		{308516CF-8FEC-49E4-B87D-AB2C54632FA1}.Debug|Any CPU.Build.0 = Debug|Any CPU
		{308516CF-8FEC-49E4-B87D-AB2C54632FA1}.Release|Any CPU.ActiveCfg = Release|Any CPU
		{308516CF-8FEC-49E4-B87D-AB2C54632FA1}.Release|Any CPU.Build.0 = Release|Any CPU
	EndGlobalSection
	GlobalSection(SolutionProperties) = preSolution
		HideSolutionNode = FALSE
	EndGlobalSection
	GlobalSection(ExtensibilityGlobals) = postSolution
		SolutionGuid = {F2AE49C4-54F9-44E7-8656-CCCA83E53A13}
	EndGlobalSection
EndGlobal
